
Microsoft Visual Studio Solution File, Format Version 12.00
# Visual Studio 15
VisualStudioVersion = 15.0.27703.2047
MinimumVisualStudioVersion = 10.0.40219.1
Project("{FAE04EC0-301F-11D3-BF4B-00C04F79EFBC}") = "HandleBecexTech", "HandleBecexTech\HandleBecexTech.csproj", "{03E7A845-D6F3-4234-ABB6-1FD8892DDD52}"
EndProject
Global
	GlobalSection(SolutionConfigurationPlatforms) = preSolution
		Debug|Any CPU = Debug|Any CPU
		Release|Any CPU = Release|Any CPU
	EndGlobalSection
	GlobalSection(ProjectConfigurationPlatforms) = postSolution
		{03E7A845-D6F3-4234-ABB6-1FD8892DDD52}.Debug|Any CPU.ActiveCfg = Debug|Any CPU
		{03E7A845-D6F3-4234-ABB6-1FD8892DDD52}.Debug|Any CPU.Build.0 = Debug|Any CPU
		{03E7A845-D6F3-4234-ABB6-1FD8892DDD52}.Release|Any CPU.ActiveCfg = Release|Any CPU
		{03E7A845-D6F3-4234-ABB6-1FD8892DDD52}.Release|Any CPU.Build.0 = Release|Any CPU
	EndGlobalSection
	GlobalSection(SolutionProperties) = preSolution
		HideSolutionNode = FALSE
	EndGlobalSection
	GlobalSection(ExtensibilityGlobals) = postSolution
		SolutionGuid = {CAE1EAB1-E8DA-4D73-A6F7-6037DB1B34A3}
	EndGlobalSection
EndGlobal
