
Microsoft Visual Studio Solution File, Format Version 12.00
# Visual Studio 15
VisualStudioVersion = 15.0.26430.6
MinimumVisualStudioVersion = 10.0.40219.1
Project("{FAE04EC0-301F-11D3-BF4B-00C04F79EFBC}") = "AliExpressUpdateFetcher", "AliExpressFetcher\AliExpressUpdateFetcher.csproj", "{245F70B6-460C-4D81-9732-CF700BE337EE}"
EndProject
Project("{FAE04EC0-301F-11D3-BF4B-00C04F79EFBC}") = "MT.Contract", "MT.Contract\MT.Contract.csproj", "{E519E3B6-EF0B-4177-ABD8-A4FC6071D924}"
EndProject
Project("{FAE04EC0-301F-11D3-BF4B-00C04F79EFBC}") = "MT.Extend", "MT.Extend\MT.Extend.csproj", "{946E7365-2835-47E8-97C6-C82AE8C28FF2}"
EndProject
Project("{FAE04EC0-301F-11D3-BF4B-00C04F79EFBC}") = "MairSoft.Common", "MairSoft.Common\MairSoft.Common.csproj", "{5B51945F-D667-408A-B135-A2C3FF691427}"
EndProject
Project("{FAE04EC0-301F-11D3-BF4B-00C04F79EFBC}") = "CopyFile", "CopyFile\CopyFile.csproj", "{E92B2149-21CB-43AF-B0B7-7251746E8CF6}"
EndProject
Global
	GlobalSection(SolutionConfigurationPlatforms) = preSolution
		Debug|Any CPU = Debug|Any CPU
		Release|Any CPU = Release|Any CPU
	EndGlobalSection
	GlobalSection(ProjectConfigurationPlatforms) = postSolution
		{245F70B6-460C-4D81-9732-CF700BE337EE}.Debug|Any CPU.ActiveCfg = Debug|Any CPU
		{245F70B6-460C-4D81-9732-CF700BE337EE}.Debug|Any CPU.Build.0 = Debug|Any CPU
		{245F70B6-460C-4D81-9732-CF700BE337EE}.Release|Any CPU.ActiveCfg = Release|Any CPU
		{245F70B6-460C-4D81-9732-CF700BE337EE}.Release|Any CPU.Build.0 = Release|Any CPU
		{E519E3B6-EF0B-4177-ABD8-A4FC6071D924}.Debug|Any CPU.ActiveCfg = Debug|Any CPU
		{E519E3B6-EF0B-4177-ABD8-A4FC6071D924}.Debug|Any CPU.Build.0 = Debug|Any CPU
		{E519E3B6-EF0B-4177-ABD8-A4FC6071D924}.Release|Any CPU.ActiveCfg = Release|Any CPU
		{E519E3B6-EF0B-4177-ABD8-A4FC6071D924}.Release|Any CPU.Build.0 = Release|Any CPU
		{946E7365-2835-47E8-97C6-C82AE8C28FF2}.Debug|Any CPU.ActiveCfg = Debug|Any CPU
		{946E7365-2835-47E8-97C6-C82AE8C28FF2}.Debug|Any CPU.Build.0 = Debug|Any CPU
		{946E7365-2835-47E8-97C6-C82AE8C28FF2}.Release|Any CPU.ActiveCfg = Release|Any CPU
		{946E7365-2835-47E8-97C6-C82AE8C28FF2}.Release|Any CPU.Build.0 = Release|Any CPU
		{5B51945F-D667-408A-B135-A2C3FF691427}.Debug|Any CPU.ActiveCfg = Debug|Any CPU
		{5B51945F-D667-408A-B135-A2C3FF691427}.Debug|Any CPU.Build.0 = Debug|Any CPU
		{5B51945F-D667-408A-B135-A2C3FF691427}.Release|Any CPU.ActiveCfg = Release|Any CPU
		{5B51945F-D667-408A-B135-A2C3FF691427}.Release|Any CPU.Build.0 = Release|Any CPU
		{E92B2149-21CB-43AF-B0B7-7251746E8CF6}.Debug|Any CPU.ActiveCfg = Debug|Any CPU
		{E92B2149-21CB-43AF-B0B7-7251746E8CF6}.Debug|Any CPU.Build.0 = Debug|Any CPU
		{E92B2149-21CB-43AF-B0B7-7251746E8CF6}.Release|Any CPU.ActiveCfg = Release|Any CPU
		{E92B2149-21CB-43AF-B0B7-7251746E8CF6}.Release|Any CPU.Build.0 = Release|Any CPU
	EndGlobalSection
	GlobalSection(SolutionProperties) = preSolution
		HideSolutionNode = FALSE
	EndGlobalSection
EndGlobal
