
Microsoft Visual Studio Solution File, Format Version 12.00
# Visual Studio 2013
VisualStudioVersion = 12.0.31101.0
MinimumVisualStudioVersion = 10.0.40219.1
Project("{FAE04EC0-301F-11D3-BF4B-00C04F79EFBC}") = "FisherPaykelTool", "FisherPaykelTool\FisherPaykelTool.csproj", "{D38FA66E-7BAF-45B3-A22D-BBA5400BC1D1}"
EndProject
Global
	GlobalSection(SolutionConfigurationPlatforms) = preSolution
		Debug|Any CPU = Debug|Any CPU
		Release|Any CPU = Release|Any CPU
	EndGlobalSection
	GlobalSection(ProjectConfigurationPlatforms) = postSolution
		{D38FA66E-7BAF-45B3-A22D-BBA5400BC1D1}.Debug|Any CPU.ActiveCfg = Debug|Any CPU
		{D38FA66E-7BAF-45B3-A22D-BBA5400BC1D1}.Debug|Any CPU.Build.0 = Debug|Any CPU
		{D38FA66E-7BAF-45B3-A22D-BBA5400BC1D1}.Release|Any CPU.ActiveCfg = Release|Any CPU
		{D38FA66E-7BAF-45B3-A22D-BBA5400BC1D1}.Release|Any CPU.Build.0 = Release|Any CPU
	EndGlobalSection
	GlobalSection(SolutionProperties) = preSolution
		HideSolutionNode = FALSE
	EndGlobalSection
EndGlobal
