
Microsoft Visual Studio Solution File, Format Version 12.00
# Visual Studio 15
VisualStudioVersion = 15.0.26430.6
MinimumVisualStudioVersion = 10.0.40219.1
Project("{FAE04EC0-301F-11D3-BF4B-00C04F79EFBC}") = "PriceMeDBA", "PriceMeDBA\PriceMeDBA.csproj", "{A5ACFD04-8B70-4A08-A07D-13B35F9B6B63}"
EndProject
Project("{FAE04EC0-301F-11D3-BF4B-00C04F79EFBC}") = "PriceMeCommon", "PriceMeCommon\PriceMeCommon.csproj", "{2942B9F3-4CDC-4819-B1B3-267B3AFFD723}"
EndProject
Project("{FAE04EC0-301F-11D3-BF4B-00C04F79EFBC}") = "PriceMeCache", "PriceMeCache\PriceMeCache.csproj", "{495480AB-D585-4D6C-B752-C0E51F279E12}"
EndProject
Project("{FAE04EC0-301F-11D3-BF4B-00C04F79EFBC}") = "HotterWinds", "HotterWinds\HotterWinds.csproj", "{D71BC8E4-77AB-474F-97E6-8A4E3D2FB581}"
EndProject
Global
	GlobalSection(SolutionConfigurationPlatforms) = preSolution
		Debug|Any CPU = Debug|Any CPU
		Release|Any CPU = Release|Any CPU
	EndGlobalSection
	GlobalSection(ProjectConfigurationPlatforms) = postSolution
		{A5ACFD04-8B70-4A08-A07D-13B35F9B6B63}.Debug|Any CPU.ActiveCfg = Debug|Any CPU
		{A5ACFD04-8B70-4A08-A07D-13B35F9B6B63}.Debug|Any CPU.Build.0 = Debug|Any CPU
		{A5ACFD04-8B70-4A08-A07D-13B35F9B6B63}.Release|Any CPU.ActiveCfg = Release|Any CPU
		{A5ACFD04-8B70-4A08-A07D-13B35F9B6B63}.Release|Any CPU.Build.0 = Release|Any CPU
		{2942B9F3-4CDC-4819-B1B3-267B3AFFD723}.Debug|Any CPU.ActiveCfg = Debug|Any CPU
		{2942B9F3-4CDC-4819-B1B3-267B3AFFD723}.Debug|Any CPU.Build.0 = Debug|Any CPU
		{2942B9F3-4CDC-4819-B1B3-267B3AFFD723}.Release|Any CPU.ActiveCfg = Release|Any CPU
		{2942B9F3-4CDC-4819-B1B3-267B3AFFD723}.Release|Any CPU.Build.0 = Release|Any CPU
		{495480AB-D585-4D6C-B752-C0E51F279E12}.Debug|Any CPU.ActiveCfg = Debug|Any CPU
		{495480AB-D585-4D6C-B752-C0E51F279E12}.Debug|Any CPU.Build.0 = Debug|Any CPU
		{495480AB-D585-4D6C-B752-C0E51F279E12}.Release|Any CPU.ActiveCfg = Release|Any CPU
		{495480AB-D585-4D6C-B752-C0E51F279E12}.Release|Any CPU.Build.0 = Release|Any CPU
		{D71BC8E4-77AB-474F-97E6-8A4E3D2FB581}.Debug|Any CPU.ActiveCfg = Debug|Any CPU
		{D71BC8E4-77AB-474F-97E6-8A4E3D2FB581}.Debug|Any CPU.Build.0 = Debug|Any CPU
		{D71BC8E4-77AB-474F-97E6-8A4E3D2FB581}.Release|Any CPU.ActiveCfg = Release|Any CPU
		{D71BC8E4-77AB-474F-97E6-8A4E3D2FB581}.Release|Any CPU.Build.0 = Release|Any CPU
	EndGlobalSection
	GlobalSection(SolutionProperties) = preSolution
		HideSolutionNode = FALSE
	EndGlobalSection
EndGlobal
