
Microsoft Visual Studio Solution File, Format Version 12.00
# Visual Studio 2013
VisualStudioVersion = 12.0.31101.0
MinimumVisualStudioVersion = 10.0.40219.1
Project("{FAE04EC0-301F-11D3-BF4B-00C04F79EFBC}") = "IpAnalytics", "IpAnalytics\IpAnalytics.csproj", "{88D7FAE2-0739-4E32-BEEC-41F08C11498A}"
EndProject
Project("{FAE04EC0-301F-11D3-BF4B-00C04F79EFBC}") = "PriceMeDBA", "PriceMeDBA\PriceMeDBA.csproj", "{A5ACFD04-8B70-4A08-A07D-13B35F9B6B63}"
EndProject
Project("{FAE04EC0-301F-11D3-BF4B-00C04F79EFBC}") = "ImportIP", "ImportIP\ImportIP.csproj", "{473329E1-5B39-4D17-B8A6-154D8ACAD312}"
EndProject
Global
	GlobalSection(SolutionConfigurationPlatforms) = preSolution
		Debug|Any CPU = Debug|Any CPU
		Release|Any CPU = Release|Any CPU
	EndGlobalSection
	GlobalSection(ProjectConfigurationPlatforms) = postSolution
		{88D7FAE2-0739-4E32-BEEC-41F08C11498A}.Debug|Any CPU.ActiveCfg = Debug|Any CPU
		{88D7FAE2-0739-4E32-BEEC-41F08C11498A}.Debug|Any CPU.Build.0 = Debug|Any CPU
		{88D7FAE2-0739-4E32-BEEC-41F08C11498A}.Release|Any CPU.ActiveCfg = Release|Any CPU
		{88D7FAE2-0739-4E32-BEEC-41F08C11498A}.Release|Any CPU.Build.0 = Release|Any CPU
		{A5ACFD04-8B70-4A08-A07D-13B35F9B6B63}.Debug|Any CPU.ActiveCfg = Debug|Any CPU
		{A5ACFD04-8B70-4A08-A07D-13B35F9B6B63}.Debug|Any CPU.Build.0 = Debug|Any CPU
		{A5ACFD04-8B70-4A08-A07D-13B35F9B6B63}.Release|Any CPU.ActiveCfg = Release|Any CPU
		{A5ACFD04-8B70-4A08-A07D-13B35F9B6B63}.Release|Any CPU.Build.0 = Release|Any CPU
		{473329E1-5B39-4D17-B8A6-154D8ACAD312}.Debug|Any CPU.ActiveCfg = Debug|Any CPU
		{473329E1-5B39-4D17-B8A6-154D8ACAD312}.Debug|Any CPU.Build.0 = Debug|Any CPU
		{473329E1-5B39-4D17-B8A6-154D8ACAD312}.Release|Any CPU.ActiveCfg = Release|Any CPU
		{473329E1-5B39-4D17-B8A6-154D8ACAD312}.Release|Any CPU.Build.0 = Release|Any CPU
	EndGlobalSection
	GlobalSection(SolutionProperties) = preSolution
		HideSolutionNode = FALSE
	EndGlobalSection
EndGlobal
