
Microsoft Visual Studio Solution File, Format Version 12.00
# Visual Studio 15
VisualStudioVersion = 15.0.27004.2008
MinimumVisualStudioVersion = 10.0.40219.1
Project("{FAE04EC0-301F-11D3-BF4B-00C04F79EFBC}") = "SimilarityMatchTool", "SimilarityMatchTool\SimilarityMatchTool.csproj", "{3FAE1EAB-6A30-48F1-B137-B82466F02EB4}"
EndProject
Project("{FAE04EC0-301F-11D3-BF4B-00C04F79EFBC}") = "StrSimilarity", "StrSimilarity\StrSimilarity.csproj", "{1C7DEDC1-2F84-4316-8246-61B5CA699896}"
EndProject
Global
	GlobalSection(SolutionConfigurationPlatforms) = preSolution
		Debug|Any CPU = Debug|Any CPU
		Release|Any CPU = Release|Any CPU
	EndGlobalSection
	GlobalSection(ProjectConfigurationPlatforms) = postSolution
		{3FAE1EAB-6A30-48F1-B137-B82466F02EB4}.Debug|Any CPU.ActiveCfg = Debug|Any CPU
		{3FAE1EAB-6A30-48F1-B137-B82466F02EB4}.Debug|Any CPU.Build.0 = Debug|Any CPU
		{3FAE1EAB-6A30-48F1-B137-B82466F02EB4}.Release|Any CPU.ActiveCfg = Release|Any CPU
		{3FAE1EAB-6A30-48F1-B137-B82466F02EB4}.Release|Any CPU.Build.0 = Release|Any CPU
		{1C7DEDC1-2F84-4316-8246-61B5CA699896}.Debug|Any CPU.ActiveCfg = Debug|Any CPU
		{1C7DEDC1-2F84-4316-8246-61B5CA699896}.Debug|Any CPU.Build.0 = Debug|Any CPU
		{1C7DEDC1-2F84-4316-8246-61B5CA699896}.Release|Any CPU.ActiveCfg = Release|Any CPU
		{1C7DEDC1-2F84-4316-8246-61B5CA699896}.Release|Any CPU.Build.0 = Release|Any CPU
	EndGlobalSection
	GlobalSection(SolutionProperties) = preSolution
		HideSolutionNode = FALSE
	EndGlobalSection
	GlobalSection(ExtensibilityGlobals) = postSolution
		SolutionGuid = {365689E1-B4D8-460D-8552-9D234ABF6FA8}
	EndGlobalSection
EndGlobal
