
Microsoft Visual Studio Solution File, Format Version 12.00
# Visual Studio 15
VisualStudioVersion = 15.0.26730.15
MinimumVisualStudioVersion = 10.0.40219.1
Project("{FAE04EC0-301F-11D3-BF4B-00C04F79EFBC}") = "Report4SmithsCity", "Report4SmithsCity\Report4SmithsCity.csproj", "{698C0AAF-D20B-4379-9393-46F251684FD2}"
EndProject
Global
	GlobalSection(SolutionConfigurationPlatforms) = preSolution
		Debug|Any CPU = Debug|Any CPU
		Release|Any CPU = Release|Any CPU
	EndGlobalSection
	GlobalSection(ProjectConfigurationPlatforms) = postSolution
		{698C0AAF-D20B-4379-9393-46F251684FD2}.Debug|Any CPU.ActiveCfg = Debug|Any CPU
		{698C0AAF-D20B-4379-9393-46F251684FD2}.Debug|Any CPU.Build.0 = Debug|Any CPU
		{698C0AAF-D20B-4379-9393-46F251684FD2}.Release|Any CPU.ActiveCfg = Release|Any CPU
		{698C0AAF-D20B-4379-9393-46F251684FD2}.Release|Any CPU.Build.0 = Release|Any CPU
	EndGlobalSection
	GlobalSection(SolutionProperties) = preSolution
		HideSolutionNode = FALSE
	EndGlobalSection
	GlobalSection(ExtensibilityGlobals) = postSolution
		SolutionGuid = {6B5F5D2B-5EDD-4C08-A057-3157C857EC27}
	EndGlobalSection
EndGlobal
